
Microsoft Visual Studio Solution File, Format Version 12.00
# Visual Studio 15
VisualStudioVersion = 15.0.28307.421
MinimumVisualStudioVersion = 10.0.40219.1
Project("{FAE04EC0-301F-11D3-BF4B-00C04F79EFBC}") = "NetStandardClassLibrary", "NetStandardClassLibrary\NetStandardClassLibrary.csproj", "{C9E9A38B-5245-443D-AF27-B6CDF3834EE1}"
EndProject
Global
	GlobalSection(SolutionConfigurationPlatforms) = preSolution
		Debug|Any CPU = Debug|Any CPU
		Release|Any CPU = Release|Any CPU
	EndGlobalSection
	GlobalSection(ProjectConfigurationPlatforms) = postSolution
		{C9E9A38B-5245-443D-AF27-B6CDF3834EE1}.Debug|Any CPU.ActiveCfg = Debug|Any CPU
		{C9E9A38B-5245-443D-AF27-B6CDF3834EE1}.Debug|Any CPU.Build.0 = Debug|Any CPU
		{C9E9A38B-5245-443D-AF27-B6CDF3834EE1}.Release|Any CPU.ActiveCfg = Release|Any CPU
		{C9E9A38B-5245-443D-AF27-B6CDF3834EE1}.Release|Any CPU.Build.0 = Release|Any CPU
	EndGlobalSection
	GlobalSection(SolutionProperties) = preSolution
		HideSolutionNode = FALSE
	EndGlobalSection
	GlobalSection(ExtensibilityGlobals) = postSolution
		SolutionGuid = {7B105321-4300-4D8C-9751-23F78BBFFA7F}
	EndGlobalSection
EndGlobal
