
Microsoft Visual Studio Solution File, Format Version 12.00
# Visual Studio 15
VisualStudioVersion = 15.0.28307.421
MinimumVisualStudioVersion = 10.0.40219.1
Project("{FAE04EC0-301F-11D3-BF4B-00C04F79EFBC}") = "NoSQL.Logic", "NoSQL.Logic\NoSQL.Logic.csproj", "{A624FA30-9E79-458E-9218-27D7395C7F7F}"
EndProject
Project("{FAE04EC0-301F-11D3-BF4B-00C04F79EFBC}") = "NoSQL.ConsoleApp", "NoSQL.ConsoleApp\NoSQL.ConsoleApp.csproj", "{A4528DB7-2A22-427E-8841-88CD6C8804F0}"
EndProject
Global
	GlobalSection(SolutionConfigurationPlatforms) = preSolution
		Debug|Any CPU = Debug|Any CPU
		Release|Any CPU = Release|Any CPU
	EndGlobalSection
	GlobalSection(ProjectConfigurationPlatforms) = postSolution
		{A624FA30-9E79-458E-9218-27D7395C7F7F}.Debug|Any CPU.ActiveCfg = Debug|Any CPU
		{A624FA30-9E79-458E-9218-27D7395C7F7F}.Debug|Any CPU.Build.0 = Debug|Any CPU
		{A624FA30-9E79-458E-9218-27D7395C7F7F}.Release|Any CPU.ActiveCfg = Release|Any CPU
		{A624FA30-9E79-458E-9218-27D7395C7F7F}.Release|Any CPU.Build.0 = Release|Any CPU
		{A4528DB7-2A22-427E-8841-88CD6C8804F0}.Debug|Any CPU.ActiveCfg = Debug|Any CPU
		{A4528DB7-2A22-427E-8841-88CD6C8804F0}.Debug|Any CPU.Build.0 = Debug|Any CPU
		{A4528DB7-2A22-427E-8841-88CD6C8804F0}.Release|Any CPU.ActiveCfg = Release|Any CPU
		{A4528DB7-2A22-427E-8841-88CD6C8804F0}.Release|Any CPU.Build.0 = Release|Any CPU
	EndGlobalSection
	GlobalSection(SolutionProperties) = preSolution
		HideSolutionNode = FALSE
	EndGlobalSection
	GlobalSection(ExtensibilityGlobals) = postSolution
		SolutionGuid = {E184EBF4-F05F-4379-AE6B-5245CB0871A5}
	EndGlobalSection
EndGlobal
